
Microsoft Visual Studio Solution File, Format Version 12.00
# Visual Studio Version 17
VisualStudioVersion = 17.5.33424.131
MinimumVisualStudioVersion = 10.0.40219.1
Project("{FAE04EC0-301F-11D3-BF4B-00C04F79EFBC}") = "GradPortal", "GradPortal\GradPortal.csproj", "{63F6FF87-E73E-4B8B-AAAE-6B37298313AF}"
EndProject
Global
	GlobalSection(SolutionConfigurationPlatforms) = preSolution
		Debug|Any CPU = Debug|Any CPU
		Release|Any CPU = Release|Any CPU
	EndGlobalSection
	GlobalSection(ProjectConfigurationPlatforms) = postSolution
		{63F6FF87-E73E-4B8B-AAAE-6B37298313AF}.Debug|Any CPU.ActiveCfg = Debug|Any CPU
		{63F6FF87-E73E-4B8B-AAAE-6B37298313AF}.Debug|Any CPU.Build.0 = Debug|Any CPU
		{63F6FF87-E73E-4B8B-AAAE-6B37298313AF}.Release|Any CPU.ActiveCfg = Release|Any CPU
		{63F6FF87-E73E-4B8B-AAAE-6B37298313AF}.Release|Any CPU.Build.0 = Release|Any CPU
	EndGlobalSection
	GlobalSection(SolutionProperties) = preSolution
		HideSolutionNode = FALSE
	EndGlobalSection
	GlobalSection(ExtensibilityGlobals) = postSolution
		SolutionGuid = {54273E26-C2BB-4C72-B83E-9FF8E3820AAC}
	EndGlobalSection
EndGlobal
